
Microsoft Visual Studio Solution File, Format Version 12.00
# Visual Studio Version 16
VisualStudioVersion = 16.0.32901.82
MinimumVisualStudioVersion = 10.0.40219.1
Project("{9A19103F-16F7-4668-BE54-9A1E7A4F7556}") = "Folkin", "Folkin\Folkin.csproj", "{CEF9A015-E2CC-4994-984E-9271F6650C15}"
EndProject
Global
	GlobalSection(SolutionConfigurationPlatforms) = preSolution
		Debug|Any CPU = Debug|Any CPU
		Release|Any CPU = Release|Any CPU
	EndGlobalSection
	GlobalSection(ProjectConfigurationPlatforms) = postSolution
		{CEF9A015-E2CC-4994-984E-9271F6650C15}.Debug|Any CPU.ActiveCfg = Debug|Any CPU
		{CEF9A015-E2CC-4994-984E-9271F6650C15}.Debug|Any CPU.Build.0 = Debug|Any CPU
		{CEF9A015-E2CC-4994-984E-9271F6650C15}.Release|Any CPU.ActiveCfg = Release|Any CPU
		{CEF9A015-E2CC-4994-984E-9271F6650C15}.Release|Any CPU.Build.0 = Release|Any CPU
	EndGlobalSection
	GlobalSection(SolutionProperties) = preSolution
		HideSolutionNode = FALSE
	EndGlobalSection
	GlobalSection(ExtensibilityGlobals) = postSolution
		SolutionGuid = {156A1869-44F7-4DD6-A332-5DA79CC017F7}
	EndGlobalSection
EndGlobal
